// !$*UTF8*$!
{
	archiveVersion = 1;
	classes = {
	};
	objectVersion = 52;
	objects = {

/* Begin PBXBuildFile section */
		52D6D9871BEFF229002C0205 /* ETDataDrivenViewKit.framework in Frameworks */ = {isa = PBXBuildFile; fileRef = 52D6D97C1BEFF229002C0205 /* ETDataDrivenViewKit.framework */; };
		670A52C221BAD52C009782AB /* UICollectionView+BatchUpdates.swift in Sources */ = {isa = PBXBuildFile; fileRef = 670A52C121BAD52C009782AB /* UICollectionView+BatchUpdates.swift */; };
		67BAACBD219EE30B00B05528 /* CollectionAdapter.swift in Sources */ = {isa = PBXBuildFile; fileRef = 67BAACBC219EE30B00B05528 /* CollectionAdapter.swift */; };
		67BAACBF219EE32700B05528 /* UICollectionView+Adapter.swift in Sources */ = {isa = PBXBuildFile; fileRef = 67BAACBE219EE32700B05528 /* UICollectionView+Adapter.swift */; };
		67BAACC1219EE46300B05528 /* CollectionAdapter+ScrollViewDelegate.swift in Sources */ = {isa = PBXBuildFile; fileRef = 67BAACC0219EE46300B05528 /* CollectionAdapter+ScrollViewDelegate.swift */; };
		67BAACC3219EE5A000B05528 /* AbstractTableCellFactory.swift in Sources */ = {isa = PBXBuildFile; fileRef = 67BAACC2219EE5A000B05528 /* AbstractTableCellFactory.swift */; };
		67BAACC5219EE5CA00B05528 /* AbstractCollectionCellFactory.swift in Sources */ = {isa = PBXBuildFile; fileRef = 67BAACC4219EE5CA00B05528 /* AbstractCollectionCellFactory.swift */; };
		67BAACC9219EED2400B05528 /* _BaseCollectionAbstractFactory.swift in Sources */ = {isa = PBXBuildFile; fileRef = 67BAACC8219EED2400B05528 /* _BaseCollectionAbstractFactory.swift */; };
		67BAACCB219EF16300B05528 /* _BaseTableAbstractFactory.swift in Sources */ = {isa = PBXBuildFile; fileRef = 67BAACCA219EF16300B05528 /* _BaseTableAbstractFactory.swift */; };
		67BAACCE219EF53D00B05528 /* TableViewController.swift in Sources */ = {isa = PBXBuildFile; fileRef = 67BAACCC219EF50600B05528 /* TableViewController.swift */; };
		67BAACD3219EF83C00B05528 /* CollectionViewModel.swift in Sources */ = {isa = PBXBuildFile; fileRef = 67BAACD1219EF78B00B05528 /* CollectionViewModel.swift */; };
		67BAACD4219EF84000B05528 /* CollectionViewController.swift in Sources */ = {isa = PBXBuildFile; fileRef = 67BAACCF219EF76400B05528 /* CollectionViewController.swift */; };
		713E3B7A21A6DE9A00269DFB /* AbstractTableHeaderFooterFactory.swift in Sources */ = {isa = PBXBuildFile; fileRef = 713E3B7921A6DE9A00269DFB /* AbstractTableHeaderFooterFactory.swift */; };
		713E3B7D21A6EB1800269DFB /* Deprecated.swift in Sources */ = {isa = PBXBuildFile; fileRef = 713E3B7C21A6EB1800269DFB /* Deprecated.swift */; };
		71437E7B2073796000A8CC96 /* AppDelegate.swift in Sources */ = {isa = PBXBuildFile; fileRef = 71437E7A2073796000A8CC96 /* AppDelegate.swift */; };
		71437E802073796000A8CC96 /* Main.storyboard in Resources */ = {isa = PBXBuildFile; fileRef = 71437E7E2073796000A8CC96 /* Main.storyboard */; };
		71437E822073796200A8CC96 /* Assets.xcassets in Resources */ = {isa = PBXBuildFile; fileRef = 71437E812073796200A8CC96 /* Assets.xcassets */; };
		71437E852073796200A8CC96 /* LaunchScreen.storyboard in Resources */ = {isa = PBXBuildFile; fileRef = 71437E832073796200A8CC96 /* LaunchScreen.storyboard */; };
		71437E9020737ACB00A8CC96 /* ETDataDrivenViewKit.framework in Frameworks */ = {isa = PBXBuildFile; fileRef = 52D6D97C1BEFF229002C0205 /* ETDataDrivenViewKit.framework */; };
		71437E9120737ACB00A8CC96 /* ETDataDrivenViewKit.framework in Embed Frameworks */ = {isa = PBXBuildFile; fileRef = 52D6D97C1BEFF229002C0205 /* ETDataDrivenViewKit.framework */; settings = {ATTRIBUTES = (CodeSignOnCopy, RemoveHeadersOnCopy, ); }; };
		71437E9520737DDC00A8CC96 /* TableViewModel.swift in Sources */ = {isa = PBXBuildFile; fileRef = 71437E9420737DDB00A8CC96 /* TableViewModel.swift */; };
		714F95E02073905F00B01A93 /* BaseTableAbstractFactory.swift in Sources */ = {isa = PBXBuildFile; fileRef = 714F95DF2073905F00B01A93 /* BaseTableAbstractFactory.swift */; };
		714F95E22073929800B01A93 /* CollectionSection.swift in Sources */ = {isa = PBXBuildFile; fileRef = 714F95E12073929800B01A93 /* CollectionSection.swift */; };
		7163330B20CFAD6A00C65728 /* TableView+Adapter.swift in Sources */ = {isa = PBXBuildFile; fileRef = 7163330A20CFAD6A00C65728 /* TableView+Adapter.swift */; };
		71704ACE212712DE005A1E42 /* ScrollViewDelegate.swift in Sources */ = {isa = PBXBuildFile; fileRef = 71704ACD212712DE005A1E42 /* ScrollViewDelegate.swift */; };
		71704AD021271362005A1E42 /* TableAdapter+ScrollViewDelegate.swift in Sources */ = {isa = PBXBuildFile; fileRef = 71704ACF21271362005A1E42 /* TableAdapter+ScrollViewDelegate.swift */; };
		71704AD221272B44005A1E42 /* BaseAbstractFactory.swift in Sources */ = {isa = PBXBuildFile; fileRef = 71704AD121272B44005A1E42 /* BaseAbstractFactory.swift */; };
		7173754621C2513E004A3335 /* TableSection.swift in Sources */ = {isa = PBXBuildFile; fileRef = 7173754521C2513E004A3335 /* TableSection.swift */; };
		71800BC321108C2B0092832F /* DiffableRef.swift in Sources */ = {isa = PBXBuildFile; fileRef = 71800BC221108C2B0092832F /* DiffableRef.swift */; };
		71800BD821117BE30092832F /* UI+SectionedViewType.swift in Sources */ = {isa = PBXBuildFile; fileRef = 71800BD721117BE30092832F /* UI+SectionedViewType.swift */; };
		71800BDA21117C420092832F /* AnimationConfiguration.swift in Sources */ = {isa = PBXBuildFile; fileRef = 71800BD921117C420092832F /* AnimationConfiguration.swift */; };
		71800BDC211189870092832F /* DiffableType.swift in Sources */ = {isa = PBXBuildFile; fileRef = 71800BDB211189870092832F /* DiffableType.swift */; };
		71AC629F224A26D300A605E8 /* Error+DDVK.swift in Sources */ = {isa = PBXBuildFile; fileRef = 71AC629E224A26D300A605E8 /* Error+DDVK.swift */; };
		833C6C2726528D6D00C63A1B /* Differentiator.xcframework in Frameworks */ = {isa = PBXBuildFile; fileRef = 833C6C2626528D6D00C63A1B /* Differentiator.xcframework */; };
		8933C7851EB5B820000D00A4 /* TableAdapter.swift in Sources */ = {isa = PBXBuildFile; fileRef = 8933C7841EB5B820000D00A4 /* TableAdapter.swift */; };
		8933C7901EB5B82D000D00A4 /* ETDataDrivenViewKitTests.swift in Sources */ = {isa = PBXBuildFile; fileRef = 8933C7891EB5B82A000D00A4 /* ETDataDrivenViewKitTests.swift */; };
		F41CD80023016F3E005049A4 /* Logger.swift in Sources */ = {isa = PBXBuildFile; fileRef = F41CD7FF23016F3E005049A4 /* Logger.swift */; };
/* End PBXBuildFile section */

/* Begin PBXContainerItemProxy section */
		52D6D9881BEFF229002C0205 /* PBXContainerItemProxy */ = {
			isa = PBXContainerItemProxy;
			containerPortal = 52D6D9731BEFF229002C0205 /* Project object */;
			proxyType = 1;
			remoteGlobalIDString = 52D6D97B1BEFF229002C0205;
			remoteInfo = ETDataDrivenViewKit;
		};
		71437E8A207379A800A8CC96 /* PBXContainerItemProxy */ = {
			isa = PBXContainerItemProxy;
			containerPortal = 52D6D9731BEFF229002C0205 /* Project object */;
			proxyType = 1;
			remoteGlobalIDString = 52D6D97B1BEFF229002C0205;
			remoteInfo = "ETDataDrivenViewKit-iOS";
		};
/* End PBXContainerItemProxy section */

/* Begin PBXCopyFilesBuildPhase section */
		71437E9220737ACB00A8CC96 /* Embed Frameworks */ = {
			isa = PBXCopyFilesBuildPhase;
			buildActionMask = 2147483647;
			dstPath = "";
			dstSubfolderSpec = 10;
			files = (
				71437E9120737ACB00A8CC96 /* ETDataDrivenViewKit.framework in Embed Frameworks */,
			);
			name = "Embed Frameworks";
			runOnlyForDeploymentPostprocessing = 0;
		};
/* End PBXCopyFilesBuildPhase section */

/* Begin PBXFileReference section */
		52D6D97C1BEFF229002C0205 /* ETDataDrivenViewKit.framework */ = {isa = PBXFileReference; explicitFileType = wrapper.framework; includeInIndex = 0; path = ETDataDrivenViewKit.framework; sourceTree = BUILT_PRODUCTS_DIR; };
		52D6D9861BEFF229002C0205 /* ETDataDrivenViewKit-iOS Tests.xctest */ = {isa = PBXFileReference; explicitFileType = wrapper.cfbundle; includeInIndex = 0; path = "ETDataDrivenViewKit-iOS Tests.xctest"; sourceTree = BUILT_PRODUCTS_DIR; };
		670A52C121BAD52C009782AB /* UICollectionView+BatchUpdates.swift */ = {isa = PBXFileReference; lastKnownFileType = sourcecode.swift; path = "UICollectionView+BatchUpdates.swift"; sourceTree = "<group>"; };
		67BAACBC219EE30B00B05528 /* CollectionAdapter.swift */ = {isa = PBXFileReference; lastKnownFileType = sourcecode.swift; path = CollectionAdapter.swift; sourceTree = "<group>"; };
		67BAACBE219EE32700B05528 /* UICollectionView+Adapter.swift */ = {isa = PBXFileReference; lastKnownFileType = sourcecode.swift; path = "UICollectionView+Adapter.swift"; sourceTree = "<group>"; };
		67BAACC0219EE46300B05528 /* CollectionAdapter+ScrollViewDelegate.swift */ = {isa = PBXFileReference; lastKnownFileType = sourcecode.swift; path = "CollectionAdapter+ScrollViewDelegate.swift"; sourceTree = "<group>"; };
		67BAACC2219EE5A000B05528 /* AbstractTableCellFactory.swift */ = {isa = PBXFileReference; lastKnownFileType = sourcecode.swift; path = AbstractTableCellFactory.swift; sourceTree = "<group>"; };
		67BAACC4219EE5CA00B05528 /* AbstractCollectionCellFactory.swift */ = {isa = PBXFileReference; lastKnownFileType = sourcecode.swift; path = AbstractCollectionCellFactory.swift; sourceTree = "<group>"; };
		67BAACC8219EED2400B05528 /* _BaseCollectionAbstractFactory.swift */ = {isa = PBXFileReference; lastKnownFileType = sourcecode.swift; path = _BaseCollectionAbstractFactory.swift; sourceTree = "<group>"; };
		67BAACCA219EF16300B05528 /* _BaseTableAbstractFactory.swift */ = {isa = PBXFileReference; lastKnownFileType = sourcecode.swift; path = _BaseTableAbstractFactory.swift; sourceTree = "<group>"; };
		67BAACCC219EF50600B05528 /* TableViewController.swift */ = {isa = PBXFileReference; fileEncoding = 4; lastKnownFileType = sourcecode.swift; path = TableViewController.swift; sourceTree = "<group>"; };
		67BAACCF219EF76400B05528 /* CollectionViewController.swift */ = {isa = PBXFileReference; lastKnownFileType = sourcecode.swift; path = CollectionViewController.swift; sourceTree = "<group>"; };
		67BAACD1219EF78B00B05528 /* CollectionViewModel.swift */ = {isa = PBXFileReference; lastKnownFileType = sourcecode.swift; path = CollectionViewModel.swift; sourceTree = "<group>"; };
		713E3B7921A6DE9A00269DFB /* AbstractTableHeaderFooterFactory.swift */ = {isa = PBXFileReference; fileEncoding = 4; lastKnownFileType = sourcecode.swift; path = AbstractTableHeaderFooterFactory.swift; sourceTree = "<group>"; };
		713E3B7C21A6EB1800269DFB /* Deprecated.swift */ = {isa = PBXFileReference; lastKnownFileType = sourcecode.swift; path = Deprecated.swift; sourceTree = "<group>"; };
		71437E782073796000A8CC96 /* example.app */ = {isa = PBXFileReference; explicitFileType = wrapper.application; includeInIndex = 0; path = example.app; sourceTree = BUILT_PRODUCTS_DIR; };
		71437E7A2073796000A8CC96 /* AppDelegate.swift */ = {isa = PBXFileReference; lastKnownFileType = sourcecode.swift; path = AppDelegate.swift; sourceTree = "<group>"; };
		71437E7F2073796000A8CC96 /* Base */ = {isa = PBXFileReference; lastKnownFileType = file.storyboard; name = Base; path = Base.lproj/Main.storyboard; sourceTree = "<group>"; };
		71437E812073796200A8CC96 /* Assets.xcassets */ = {isa = PBXFileReference; lastKnownFileType = folder.assetcatalog; path = Assets.xcassets; sourceTree = "<group>"; };
		71437E842073796200A8CC96 /* Base */ = {isa = PBXFileReference; lastKnownFileType = file.storyboard; name = Base; path = Base.lproj/LaunchScreen.storyboard; sourceTree = "<group>"; };
		71437E862073796200A8CC96 /* Info.plist */ = {isa = PBXFileReference; lastKnownFileType = text.plist.xml; path = Info.plist; sourceTree = "<group>"; };
		71437E9420737DDB00A8CC96 /* TableViewModel.swift */ = {isa = PBXFileReference; fileEncoding = 4; lastKnownFileType = sourcecode.swift; path = TableViewModel.swift; sourceTree = "<group>"; };
		714F95DF2073905F00B01A93 /* BaseTableAbstractFactory.swift */ = {isa = PBXFileReference; lastKnownFileType = sourcecode.swift; path = BaseTableAbstractFactory.swift; sourceTree = "<group>"; };
		714F95E12073929800B01A93 /* CollectionSection.swift */ = {isa = PBXFileReference; lastKnownFileType = sourcecode.swift; path = CollectionSection.swift; sourceTree = "<group>"; };
		7163330A20CFAD6A00C65728 /* TableView+Adapter.swift */ = {isa = PBXFileReference; lastKnownFileType = sourcecode.swift; path = "TableView+Adapter.swift"; sourceTree = "<group>"; };
		71704ACD212712DE005A1E42 /* ScrollViewDelegate.swift */ = {isa = PBXFileReference; lastKnownFileType = sourcecode.swift; path = ScrollViewDelegate.swift; sourceTree = "<group>"; };
		71704ACF21271362005A1E42 /* TableAdapter+ScrollViewDelegate.swift */ = {isa = PBXFileReference; lastKnownFileType = sourcecode.swift; path = "TableAdapter+ScrollViewDelegate.swift"; sourceTree = "<group>"; };
		71704AD121272B44005A1E42 /* BaseAbstractFactory.swift */ = {isa = PBXFileReference; lastKnownFileType = sourcecode.swift; path = BaseAbstractFactory.swift; sourceTree = "<group>"; };
		7173754521C2513E004A3335 /* TableSection.swift */ = {isa = PBXFileReference; lastKnownFileType = sourcecode.swift; path = TableSection.swift; sourceTree = "<group>"; };
		71800BC221108C2B0092832F /* DiffableRef.swift */ = {isa = PBXFileReference; lastKnownFileType = sourcecode.swift; path = DiffableRef.swift; sourceTree = "<group>"; };
		71800BD721117BE30092832F /* UI+SectionedViewType.swift */ = {isa = PBXFileReference; lastKnownFileType = sourcecode.swift; path = "UI+SectionedViewType.swift"; sourceTree = "<group>"; };
		71800BD921117C420092832F /* AnimationConfiguration.swift */ = {isa = PBXFileReference; fileEncoding = 4; lastKnownFileType = sourcecode.swift; path = AnimationConfiguration.swift; sourceTree = "<group>"; };
		71800BDB211189870092832F /* DiffableType.swift */ = {isa = PBXFileReference; lastKnownFileType = sourcecode.swift; path = DiffableType.swift; sourceTree = "<group>"; };
		71800BE121118AB60092832F /* README.txt */ = {isa = PBXFileReference; lastKnownFileType = text; path = README.txt; sourceTree = "<group>"; };
		71AC629E224A26D300A605E8 /* Error+DDVK.swift */ = {isa = PBXFileReference; lastKnownFileType = sourcecode.swift; path = "Error+DDVK.swift"; sourceTree = "<group>"; };
		833C6C2626528D6D00C63A1B /* Differentiator.xcframework */ = {isa = PBXFileReference; lastKnownFileType = wrapper.xcframework; name = Differentiator.xcframework; path = Carthage/Build/Differentiator.xcframework; sourceTree = "<group>"; };
		8933C7841EB5B820000D00A4 /* TableAdapter.swift */ = {isa = PBXFileReference; fileEncoding = 4; lastKnownFileType = sourcecode.swift; path = TableAdapter.swift; sourceTree = "<group>"; };
		8933C7891EB5B82A000D00A4 /* ETDataDrivenViewKitTests.swift */ = {isa = PBXFileReference; fileEncoding = 4; lastKnownFileType = sourcecode.swift; path = ETDataDrivenViewKitTests.swift; sourceTree = "<group>"; };
		AD2FAA261CD0B6D800659CF4 /* ETDataDrivenViewKit.plist */ = {isa = PBXFileReference; fileEncoding = 4; lastKnownFileType = text.plist.xml; path = ETDataDrivenViewKit.plist; sourceTree = "<group>"; };
		AD2FAA281CD0B6E100659CF4 /* ETDataDrivenViewKitTests.plist */ = {isa = PBXFileReference; fileEncoding = 4; lastKnownFileType = text.plist.xml; path = ETDataDrivenViewKitTests.plist; sourceTree = "<group>"; };
		F41CD7FF23016F3E005049A4 /* Logger.swift */ = {isa = PBXFileReference; lastKnownFileType = sourcecode.swift; path = Logger.swift; sourceTree = "<group>"; };
/* End PBXFileReference section */

/* Begin PBXFrameworksBuildPhase section */
		52D6D9781BEFF229002C0205 /* Frameworks */ = {
			isa = PBXFrameworksBuildPhase;
			buildActionMask = 2147483647;
			files = (
				833C6C2726528D6D00C63A1B /* Differentiator.xcframework in Frameworks */,
			);
			runOnlyForDeploymentPostprocessing = 0;
		};
		52D6D9831BEFF229002C0205 /* Frameworks */ = {
			isa = PBXFrameworksBuildPhase;
			buildActionMask = 2147483647;
			files = (
				52D6D9871BEFF229002C0205 /* ETDataDrivenViewKit.framework in Frameworks */,
			);
			runOnlyForDeploymentPostprocessing = 0;
		};
		71437E752073796000A8CC96 /* Frameworks */ = {
			isa = PBXFrameworksBuildPhase;
			buildActionMask = 2147483647;
			files = (
				71437E9020737ACB00A8CC96 /* ETDataDrivenViewKit.framework in Frameworks */,
			);
			runOnlyForDeploymentPostprocessing = 0;
		};
/* End PBXFrameworksBuildPhase section */

/* Begin PBXGroup section */
		52D6D9721BEFF229002C0205 = {
			isa = PBXGroup;
			children = (
				8933C7811EB5B7E0000D00A4 /* Sources */,
				8933C7831EB5B7EB000D00A4 /* Tests */,
				52D6D99C1BEFF38C002C0205 /* Configs */,
				71437E792073796000A8CC96 /* Example */,
				52D6D97D1BEFF229002C0205 /* Products */,
				71800BDD21118A6E0092832F /* Frameworks */,
			);
			sourceTree = "<group>";
		};
		52D6D97D1BEFF229002C0205 /* Products */ = {
			isa = PBXGroup;
			children = (
				52D6D97C1BEFF229002C0205 /* ETDataDrivenViewKit.framework */,
				52D6D9861BEFF229002C0205 /* ETDataDrivenViewKit-iOS Tests.xctest */,
				71437E782073796000A8CC96 /* example.app */,
			);
			name = Products;
			sourceTree = "<group>";
		};
		52D6D99C1BEFF38C002C0205 /* Configs */ = {
			isa = PBXGroup;
			children = (
				DD7502721C68FC1B006590AF /* Frameworks */,
				DD7502731C68FC20006590AF /* Tests */,
			);
			path = Configs;
			sourceTree = "<group>";
		};
		67BAACBA219EE28B00B05528 /* TableView */ = {
			isa = PBXGroup;
			children = (
				67BAACCA219EF16300B05528 /* _BaseTableAbstractFactory.swift */,
				67BAACC2219EE5A000B05528 /* AbstractTableCellFactory.swift */,
				713E3B7921A6DE9A00269DFB /* AbstractTableHeaderFooterFactory.swift */,
				714F95DF2073905F00B01A93 /* BaseTableAbstractFactory.swift */,
				8933C7841EB5B820000D00A4 /* TableAdapter.swift */,
				71704ACF21271362005A1E42 /* TableAdapter+ScrollViewDelegate.swift */,
				7173754521C2513E004A3335 /* TableSection.swift */,
				7163330A20CFAD6A00C65728 /* TableView+Adapter.swift */,
				71800BD721117BE30092832F /* UI+SectionedViewType.swift */,
			);
			path = TableView;
			sourceTree = "<group>";
		};
		67BAACBB219EE2D600B05528 /* CollectionView */ = {
			isa = PBXGroup;
			children = (
				67BAACC8219EED2400B05528 /* _BaseCollectionAbstractFactory.swift */,
				67BAACC4219EE5CA00B05528 /* AbstractCollectionCellFactory.swift */,
				67BAACBC219EE30B00B05528 /* CollectionAdapter.swift */,
				67BAACC0219EE46300B05528 /* CollectionAdapter+ScrollViewDelegate.swift */,
				714F95E12073929800B01A93 /* CollectionSection.swift */,
				67BAACBE219EE32700B05528 /* UICollectionView+Adapter.swift */,
				670A52C121BAD52C009782AB /* UICollectionView+BatchUpdates.swift */,
			);
			path = CollectionView;
			sourceTree = "<group>";
		};
		713E3B7B21A6EB0200269DFB /* Deprecated */ = {
			isa = PBXGroup;
			children = (
				713E3B7C21A6EB1800269DFB /* Deprecated.swift */,
			);
			path = Deprecated;
			sourceTree = "<group>";
		};
		71437E792073796000A8CC96 /* Example */ = {
			isa = PBXGroup;
			children = (
				71437E7A2073796000A8CC96 /* AppDelegate.swift */,
				71437E9320737DB300A8CC96 /* MainScreen */,
				71437E7E2073796000A8CC96 /* Main.storyboard */,
				71437E812073796200A8CC96 /* Assets.xcassets */,
				71437E832073796200A8CC96 /* LaunchScreen.storyboard */,
				71437E862073796200A8CC96 /* Info.plist */,
			);
			path = Example;
			sourceTree = "<group>";
		};
		71437E9320737DB300A8CC96 /* MainScreen */ = {
			isa = PBXGroup;
			children = (
				67BAACCC219EF50600B05528 /* TableViewController.swift */,
				71437E9420737DDB00A8CC96 /* TableViewModel.swift */,
				67BAACCF219EF76400B05528 /* CollectionViewController.swift */,
				67BAACD1219EF78B00B05528 /* CollectionViewModel.swift */,
			);
			path = MainScreen;
			sourceTree = "<group>";
		};
		71800BD621117BC70092832F /* RxDataSources */ = {
			isa = PBXGroup;
			children = (
				71800BE121118AB60092832F /* README.txt */,
				71800BD921117C420092832F /* AnimationConfiguration.swift */,
			);
			path = RxDataSources;
			sourceTree = "<group>";
		};
		71800BDD21118A6E0092832F /* Frameworks */ = {
			isa = PBXGroup;
			children = (
				833C6C2626528D6D00C63A1B /* Differentiator.xcframework */,
			);
			name = Frameworks;
			sourceTree = "<group>";
		};
		8933C7811EB5B7E0000D00A4 /* Sources */ = {
			isa = PBXGroup;
			children = (
				F41CD7FE23016F02005049A4 /* Utils */,
				713E3B7B21A6EB0200269DFB /* Deprecated */,
				67BAACBB219EE2D600B05528 /* CollectionView */,
				67BAACBA219EE28B00B05528 /* TableView */,
				71704AD121272B44005A1E42 /* BaseAbstractFactory.swift */,
				71800BC221108C2B0092832F /* DiffableRef.swift */,
				71800BDB211189870092832F /* DiffableType.swift */,
				71704ACD212712DE005A1E42 /* ScrollViewDelegate.swift */,
				71800BD621117BC70092832F /* RxDataSources */,
				71AC629E224A26D300A605E8 /* Error+DDVK.swift */,
			);
			path = Sources;
			sourceTree = "<group>";
		};
		8933C7831EB5B7EB000D00A4 /* Tests */ = {
			isa = PBXGroup;
			children = (
				8933C7891EB5B82A000D00A4 /* ETDataDrivenViewKitTests.swift */,
			);
			name = Tests;
			path = Tests/ETDataDrivenViewKitTests;
			sourceTree = "<group>";
		};
		DD7502721C68FC1B006590AF /* Frameworks */ = {
			isa = PBXGroup;
			children = (
				AD2FAA261CD0B6D800659CF4 /* ETDataDrivenViewKit.plist */,
			);
			name = Frameworks;
			sourceTree = "<group>";
		};
		DD7502731C68FC20006590AF /* Tests */ = {
			isa = PBXGroup;
			children = (
				AD2FAA281CD0B6E100659CF4 /* ETDataDrivenViewKitTests.plist */,
			);
			name = Tests;
			sourceTree = "<group>";
		};
		F41CD7FE23016F02005049A4 /* Utils */ = {
			isa = PBXGroup;
			children = (
				F41CD7FF23016F3E005049A4 /* Logger.swift */,
			);
			path = Utils;
			sourceTree = "<group>";
		};
/* End PBXGroup section */

/* Begin PBXHeadersBuildPhase section */
		52D6D9791BEFF229002C0205 /* Headers */ = {
			isa = PBXHeadersBuildPhase;
			buildActionMask = 2147483647;
			files = (
			);
			runOnlyForDeploymentPostprocessing = 0;
		};
/* End PBXHeadersBuildPhase section */

/* Begin PBXNativeTarget section */
		52D6D97B1BEFF229002C0205 /* ETDataDrivenViewKit-iOS */ = {
			isa = PBXNativeTarget;
			buildConfigurationList = 52D6D9901BEFF229002C0205 /* Build configuration list for PBXNativeTarget "ETDataDrivenViewKit-iOS" */;
			buildPhases = (
				52D6D9771BEFF229002C0205 /* Sources */,
				52D6D9781BEFF229002C0205 /* Frameworks */,
				52D6D9791BEFF229002C0205 /* Headers */,
				52D6D97A1BEFF229002C0205 /* Resources */,
			);
			buildRules = (
			);
			dependencies = (
			);
			name = "ETDataDrivenViewKit-iOS";
			productName = ETDataDrivenViewKit;
			productReference = 52D6D97C1BEFF229002C0205 /* ETDataDrivenViewKit.framework */;
			productType = "com.apple.product-type.framework";
		};
		52D6D9851BEFF229002C0205 /* ETDataDrivenViewKit-iOS Tests */ = {
			isa = PBXNativeTarget;
			buildConfigurationList = 52D6D9931BEFF229002C0205 /* Build configuration list for PBXNativeTarget "ETDataDrivenViewKit-iOS Tests" */;
			buildPhases = (
				52D6D9821BEFF229002C0205 /* Sources */,
				52D6D9831BEFF229002C0205 /* Frameworks */,
				52D6D9841BEFF229002C0205 /* Resources */,
			);
			buildRules = (
			);
			dependencies = (
				52D6D9891BEFF229002C0205 /* PBXTargetDependency */,
			);
			name = "ETDataDrivenViewKit-iOS Tests";
			productName = ETDataDrivenViewKitTests;
			productReference = 52D6D9861BEFF229002C0205 /* ETDataDrivenViewKit-iOS Tests.xctest */;
			productType = "com.apple.product-type.bundle.unit-test";
		};
		71437E772073796000A8CC96 /* example */ = {
			isa = PBXNativeTarget;
			buildConfigurationList = 71437E872073796200A8CC96 /* Build configuration list for PBXNativeTarget "example" */;
			buildPhases = (
				71437E742073796000A8CC96 /* Sources */,
				71437E752073796000A8CC96 /* Frameworks */,
				71437E762073796000A8CC96 /* Resources */,
				71437E9220737ACB00A8CC96 /* Embed Frameworks */,
			);
			buildRules = (
			);
			dependencies = (
				71437E8B207379A800A8CC96 /* PBXTargetDependency */,
			);
			name = example;
			productName = example;
			productReference = 71437E782073796000A8CC96 /* example.app */;
			productType = "com.apple.product-type.application";
		};
/* End PBXNativeTarget section */

/* Begin PBXProject section */
		52D6D9731BEFF229002C0205 /* Project object */ = {
			isa = PBXProject;
			attributes = {
				LastSwiftUpdateCheck = 0930;
				LastUpgradeCheck = 1020;
				ORGANIZATIONNAME = "Etnetera a. s.";
				TargetAttributes = {
					52D6D97B1BEFF229002C0205 = {
						CreatedOnToolsVersion = 7.1;
						LastSwiftMigration = 1020;
						ProvisioningStyle = Automatic;
					};
					52D6D9851BEFF229002C0205 = {
						CreatedOnToolsVersion = 7.1;
						LastSwiftMigration = 1020;
					};
					71437E772073796000A8CC96 = {
						CreatedOnToolsVersion = 9.3;
						ProvisioningStyle = Automatic;
					};
				};
			};
			buildConfigurationList = 52D6D9761BEFF229002C0205 /* Build configuration list for PBXProject "ETDataDrivenViewKit" */;
			compatibilityVersion = "Xcode 6.3";
			developmentRegion = en;
			hasScannedForEncodings = 0;
			knownRegions = (
				en,
				Base,
			);
			mainGroup = 52D6D9721BEFF229002C0205;
			productRefGroup = 52D6D97D1BEFF229002C0205 /* Products */;
			projectDirPath = "";
			projectRoot = "";
			targets = (
				52D6D97B1BEFF229002C0205 /* ETDataDrivenViewKit-iOS */,
				52D6D9851BEFF229002C0205 /* ETDataDrivenViewKit-iOS Tests */,
				71437E772073796000A8CC96 /* example */,
			);
		};
/* End PBXProject section */

/* Begin PBXResourcesBuildPhase section */
		52D6D97A1BEFF229002C0205 /* Resources */ = {
			isa = PBXResourcesBuildPhase;
			buildActionMask = 2147483647;
			files = (
			);
			runOnlyForDeploymentPostprocessing = 0;
		};
		52D6D9841BEFF229002C0205 /* Resources */ = {
			isa = PBXResourcesBuildPhase;
			buildActionMask = 2147483647;
			files = (
			);
			runOnlyForDeploymentPostprocessing = 0;
		};
		71437E762073796000A8CC96 /* Resources */ = {
			isa = PBXResourcesBuildPhase;
			buildActionMask = 2147483647;
			files = (
				71437E852073796200A8CC96 /* LaunchScreen.storyboard in Resources */,
				71437E822073796200A8CC96 /* Assets.xcassets in Resources */,
				71437E802073796000A8CC96 /* Main.storyboard in Resources */,
			);
			runOnlyForDeploymentPostprocessing = 0;
		};
/* End PBXResourcesBuildPhase section */

/* Begin PBXSourcesBuildPhase section */
		52D6D9771BEFF229002C0205 /* Sources */ = {
			isa = PBXSourcesBuildPhase;
			buildActionMask = 2147483647;
			files = (
				67BAACC5219EE5CA00B05528 /* AbstractCollectionCellFactory.swift in Sources */,
				71AC629F224A26D300A605E8 /* Error+DDVK.swift in Sources */,
				67BAACBF219EE32700B05528 /* UICollectionView+Adapter.swift in Sources */,
				71800BC321108C2B0092832F /* DiffableRef.swift in Sources */,
				8933C7851EB5B820000D00A4 /* TableAdapter.swift in Sources */,
				714F95E02073905F00B01A93 /* BaseTableAbstractFactory.swift in Sources */,
				71800BDC211189870092832F /* DiffableType.swift in Sources */,
				F41CD80023016F3E005049A4 /* Logger.swift in Sources */,
				71704ACE212712DE005A1E42 /* ScrollViewDelegate.swift in Sources */,
				67BAACC1219EE46300B05528 /* CollectionAdapter+ScrollViewDelegate.swift in Sources */,
				713E3B7A21A6DE9A00269DFB /* AbstractTableHeaderFooterFactory.swift in Sources */,
				67BAACCB219EF16300B05528 /* _BaseTableAbstractFactory.swift in Sources */,
				71704AD021271362005A1E42 /* TableAdapter+ScrollViewDelegate.swift in Sources */,
				71800BD821117BE30092832F /* UI+SectionedViewType.swift in Sources */,
				713E3B7D21A6EB1800269DFB /* Deprecated.swift in Sources */,
				67BAACBD219EE30B00B05528 /* CollectionAdapter.swift in Sources */,
				7163330B20CFAD6A00C65728 /* TableView+Adapter.swift in Sources */,
				71800BDA21117C420092832F /* AnimationConfiguration.swift in Sources */,
				67BAACC3219EE5A000B05528 /* AbstractTableCellFactory.swift in Sources */,
				670A52C221BAD52C009782AB /* UICollectionView+BatchUpdates.swift in Sources */,
				67BAACC9219EED2400B05528 /* _BaseCollectionAbstractFactory.swift in Sources */,
				7173754621C2513E004A3335 /* TableSection.swift in Sources */,
				71704AD221272B44005A1E42 /* BaseAbstractFactory.swift in Sources */,
				714F95E22073929800B01A93 /* CollectionSection.swift in Sources */,
			);
			runOnlyForDeploymentPostprocessing = 0;
		};
		52D6D9821BEFF229002C0205 /* Sources */ = {
			isa = PBXSourcesBuildPhase;
			buildActionMask = 2147483647;
			files = (
				8933C7901EB5B82D000D00A4 /* ETDataDrivenViewKitTests.swift in Sources */,
			);
			runOnlyForDeploymentPostprocessing = 0;
		};
		71437E742073796000A8CC96 /* Sources */ = {
			isa = PBXSourcesBuildPhase;
			buildActionMask = 2147483647;
			files = (
				67BAACD3219EF83C00B05528 /* CollectionViewModel.swift in Sources */,
				71437E9520737DDC00A8CC96 /* TableViewModel.swift in Sources */,
				67BAACCE219EF53D00B05528 /* TableViewController.swift in Sources */,
				71437E7B2073796000A8CC96 /* AppDelegate.swift in Sources */,
				67BAACD4219EF84000B05528 /* CollectionViewController.swift in Sources */,
			);
			runOnlyForDeploymentPostprocessing = 0;
		};
/* End PBXSourcesBuildPhase section */

/* Begin PBXTargetDependency section */
		52D6D9891BEFF229002C0205 /* PBXTargetDependency */ = {
			isa = PBXTargetDependency;
			target = 52D6D97B1BEFF229002C0205 /* ETDataDrivenViewKit-iOS */;
			targetProxy = 52D6D9881BEFF229002C0205 /* PBXContainerItemProxy */;
		};
		71437E8B207379A800A8CC96 /* PBXTargetDependency */ = {
			isa = PBXTargetDependency;
			target = 52D6D97B1BEFF229002C0205 /* ETDataDrivenViewKit-iOS */;
			targetProxy = 71437E8A207379A800A8CC96 /* PBXContainerItemProxy */;
		};
/* End PBXTargetDependency section */

/* Begin PBXVariantGroup section */
		71437E7E2073796000A8CC96 /* Main.storyboard */ = {
			isa = PBXVariantGroup;
			children = (
				71437E7F2073796000A8CC96 /* Base */,
			);
			name = Main.storyboard;
			sourceTree = "<group>";
		};
		71437E832073796200A8CC96 /* LaunchScreen.storyboard */ = {
			isa = PBXVariantGroup;
			children = (
				71437E842073796200A8CC96 /* Base */,
			);
			name = LaunchScreen.storyboard;
			sourceTree = "<group>";
		};
/* End PBXVariantGroup section */

/* Begin XCBuildConfiguration section */
		52D6D98E1BEFF229002C0205 /* Debug */ = {
			isa = XCBuildConfiguration;
			buildSettings = {
				ALWAYS_SEARCH_USER_PATHS = NO;
				CLANG_ANALYZER_LOCALIZABILITY_NONLOCALIZED = YES;
				CLANG_CXX_LANGUAGE_STANDARD = "gnu++0x";
				CLANG_CXX_LIBRARY = "libc++";
				CLANG_ENABLE_MODULES = YES;
				CLANG_ENABLE_OBJC_ARC = YES;
				CLANG_WARN_BLOCK_CAPTURE_AUTORELEASING = YES;
				CLANG_WARN_BOOL_CONVERSION = YES;
				CLANG_WARN_COMMA = YES;
				CLANG_WARN_CONSTANT_CONVERSION = YES;
				CLANG_WARN_DEPRECATED_OBJC_IMPLEMENTATIONS = YES;
				CLANG_WARN_DIRECT_OBJC_ISA_USAGE = YES_ERROR;
				CLANG_WARN_EMPTY_BODY = YES;
				CLANG_WARN_ENUM_CONVERSION = YES;
				CLANG_WARN_INFINITE_RECURSION = YES;
				CLANG_WARN_INT_CONVERSION = YES;
				CLANG_WARN_NON_LITERAL_NULL_CONVERSION = YES;
				CLANG_WARN_OBJC_IMPLICIT_RETAIN_SELF = YES;
				CLANG_WARN_OBJC_LITERAL_CONVERSION = YES;
				CLANG_WARN_OBJC_ROOT_CLASS = YES_ERROR;
				CLANG_WARN_RANGE_LOOP_ANALYSIS = YES;
				CLANG_WARN_STRICT_PROTOTYPES = YES;
				CLANG_WARN_SUSPICIOUS_MOVE = YES;
				CLANG_WARN_UNREACHABLE_CODE = YES;
				CLANG_WARN__DUPLICATE_METHOD_MATCH = YES;
				"CODE_SIGN_IDENTITY[sdk=iphoneos*]" = "iPhone Developer";
				COPY_PHASE_STRIP = NO;
				CURRENT_PROJECT_VERSION = 1;
				DEBUG_INFORMATION_FORMAT = dwarf;
				ENABLE_STRICT_OBJC_MSGSEND = YES;
				ENABLE_TESTABILITY = YES;
				GCC_C_LANGUAGE_STANDARD = gnu99;
				GCC_DYNAMIC_NO_PIC = NO;
				GCC_NO_COMMON_BLOCKS = YES;
				GCC_OPTIMIZATION_LEVEL = 0;
				GCC_PREPROCESSOR_DEFINITIONS = (
					"DEBUG=1",
					"$(inherited)",
				);
				GCC_WARN_64_TO_32_BIT_CONVERSION = YES;
				GCC_WARN_ABOUT_RETURN_TYPE = YES_ERROR;
				GCC_WARN_UNDECLARED_SELECTOR = YES;
				GCC_WARN_UNINITIALIZED_AUTOS = YES_AGGRESSIVE;
				GCC_WARN_UNUSED_FUNCTION = YES;
				GCC_WARN_UNUSED_VARIABLE = YES;
				IPHONEOS_DEPLOYMENT_TARGET = 12.1;
				MTL_ENABLE_DEBUG_INFO = YES;
				ONLY_ACTIVE_ARCH = YES;
				OTHER_SWIFT_FLAGS = "-DDEBUG";
				SDKROOT = iphoneos;
				SWIFT_OPTIMIZATION_LEVEL = "-Onone";
				SWIFT_VERSION = 4.2;
				TARGETED_DEVICE_FAMILY = "1,2";
				VERSIONING_SYSTEM = "apple-generic";
				VERSION_INFO_PREFIX = "";
			};
			name = Debug;
		};
		52D6D98F1BEFF229002C0205 /* Release */ = {
			isa = XCBuildConfiguration;
			buildSettings = {
				ALWAYS_SEARCH_USER_PATHS = NO;
				CLANG_ANALYZER_LOCALIZABILITY_NONLOCALIZED = YES;
				CLANG_CXX_LANGUAGE_STANDARD = "gnu++0x";
				CLANG_CXX_LIBRARY = "libc++";
				CLANG_ENABLE_MODULES = YES;
				CLANG_ENABLE_OBJC_ARC = YES;
				CLANG_WARN_BLOCK_CAPTURE_AUTORELEASING = YES;
				CLANG_WARN_BOOL_CONVERSION = YES;
				CLANG_WARN_COMMA = YES;
				CLANG_WARN_CONSTANT_CONVERSION = YES;
				CLANG_WARN_DEPRECATED_OBJC_IMPLEMENTATIONS = YES;
				CLANG_WARN_DIRECT_OBJC_ISA_USAGE = YES_ERROR;
				CLANG_WARN_EMPTY_BODY = YES;
				CLANG_WARN_ENUM_CONVERSION = YES;
				CLANG_WARN_INFINITE_RECURSION = YES;
				CLANG_WARN_INT_CONVERSION = YES;
				CLANG_WARN_NON_LITERAL_NULL_CONVERSION = YES;
				CLANG_WARN_OBJC_IMPLICIT_RETAIN_SELF = YES;
				CLANG_WARN_OBJC_LITERAL_CONVERSION = YES;
				CLANG_WARN_OBJC_ROOT_CLASS = YES_ERROR;
				CLANG_WARN_RANGE_LOOP_ANALYSIS = YES;
				CLANG_WARN_STRICT_PROTOTYPES = YES;
				CLANG_WARN_SUSPICIOUS_MOVE = YES;
				CLANG_WARN_UNREACHABLE_CODE = YES;
				CLANG_WARN__DUPLICATE_METHOD_MATCH = YES;
				"CODE_SIGN_IDENTITY[sdk=iphoneos*]" = "iPhone Developer";
				COPY_PHASE_STRIP = NO;
				CURRENT_PROJECT_VERSION = 1;
				DEBUG_INFORMATION_FORMAT = "dwarf-with-dsym";
				ENABLE_NS_ASSERTIONS = NO;
				ENABLE_STRICT_OBJC_MSGSEND = YES;
				GCC_C_LANGUAGE_STANDARD = gnu99;
				GCC_NO_COMMON_BLOCKS = YES;
				GCC_WARN_64_TO_32_BIT_CONVERSION = YES;
				GCC_WARN_ABOUT_RETURN_TYPE = YES_ERROR;
				GCC_WARN_UNDECLARED_SELECTOR = YES;
				GCC_WARN_UNINITIALIZED_AUTOS = YES_AGGRESSIVE;
				GCC_WARN_UNUSED_FUNCTION = YES;
				GCC_WARN_UNUSED_VARIABLE = YES;
				IPHONEOS_DEPLOYMENT_TARGET = 12.1;
				MTL_ENABLE_DEBUG_INFO = NO;
				SDKROOT = iphoneos;
				SWIFT_VERSION = 4.2;
				TARGETED_DEVICE_FAMILY = "1,2";
				VALIDATE_PRODUCT = YES;
				VERSIONING_SYSTEM = "apple-generic";
				VERSION_INFO_PREFIX = "";
			};
			name = Release;
		};
		52D6D9911BEFF229002C0205 /* Debug */ = {
			isa = XCBuildConfiguration;
			buildSettings = {
				APPLICATION_EXTENSION_API_ONLY = YES;
				CLANG_ENABLE_MODULES = YES;
				CODE_SIGN_IDENTITY = "iPhone Developer";
				"CODE_SIGN_IDENTITY[sdk=iphoneos*]" = "";
				CODE_SIGN_STYLE = Automatic;
				DEFINES_MODULE = YES;
				DEVELOPMENT_TEAM = "";
				DYLIB_COMPATIBILITY_VERSION = 1;
				DYLIB_CURRENT_VERSION = 1;
				DYLIB_INSTALL_NAME_BASE = "@rpath";
				FRAMEWORK_SEARCH_PATHS = (
					"$(inherited)",
					"$(PROJECT_DIR)/Carthage/Build",
				);
				INFOPLIST_FILE = Configs/ETDataDrivenViewKit.plist;
				INSTALL_PATH = "$(LOCAL_LIBRARY_DIR)/Frameworks";
				IPHONEOS_DEPLOYMENT_TARGET = 12.1;
				LD_RUNPATH_SEARCH_PATHS = (
					"$(inherited)",
					"@executable_path/Frameworks",
					"@loader_path/Frameworks",
				);
				ONLY_ACTIVE_ARCH = NO;
				PRODUCT_BUNDLE_IDENTIFIER = "cz.etnetera.ETDataDrivenViewKit-iOS";
				PRODUCT_NAME = ETDataDrivenViewKit;
				PROVISIONING_PROFILE_SPECIFIER = "";
				SKIP_INSTALL = YES;
				SWIFT_OPTIMIZATION_LEVEL = "-Onone";
				SWIFT_VERSION = 5.0;
			};
			name = Debug;
		};
		52D6D9921BEFF229002C0205 /* Release */ = {
			isa = XCBuildConfiguration;
			buildSettings = {
				APPLICATION_EXTENSION_API_ONLY = YES;
				CLANG_ENABLE_MODULES = YES;
				CODE_SIGN_IDENTITY = "iPhone Developer";
				"CODE_SIGN_IDENTITY[sdk=iphoneos*]" = "";
				CODE_SIGN_STYLE = Automatic;
				DEFINES_MODULE = YES;
				DEVELOPMENT_TEAM = "";
				DYLIB_COMPATIBILITY_VERSION = 1;
				DYLIB_CURRENT_VERSION = 1;
				DYLIB_INSTALL_NAME_BASE = "@rpath";
				FRAMEWORK_SEARCH_PATHS = (
					"$(inherited)",
					"$(PROJECT_DIR)/Carthage/Build",
				);
				INFOPLIST_FILE = Configs/ETDataDrivenViewKit.plist;
				INSTALL_PATH = "$(LOCAL_LIBRARY_DIR)/Frameworks";
				IPHONEOS_DEPLOYMENT_TARGET = 12.1;
				LD_RUNPATH_SEARCH_PATHS = (
					"$(inherited)",
					"@executable_path/Frameworks",
					"@loader_path/Frameworks",
				);
				PRODUCT_BUNDLE_IDENTIFIER = "cz.etnetera.ETDataDrivenViewKit-iOS";
				PRODUCT_NAME = ETDataDrivenViewKit;
				PROVISIONING_PROFILE_SPECIFIER = "";
				SKIP_INSTALL = YES;
				SWIFT_COMPILATION_MODE = wholemodule;
				SWIFT_OPTIMIZATION_LEVEL = "-O";
				SWIFT_VERSION = 5.0;
			};
			name = Release;
		};
		52D6D9941BEFF229002C0205 /* Debug */ = {
			isa = XCBuildConfiguration;
			buildSettings = {
				CLANG_ENABLE_MODULES = YES;
				INFOPLIST_FILE = Configs/ETDataDrivenViewKitTests.plist;
				IPHONEOS_DEPLOYMENT_TARGET = 9.0;
				LD_RUNPATH_SEARCH_PATHS = (
					"$(inherited)",
					"@executable_path/Frameworks",
					"@loader_path/Frameworks",
				);
				PRODUCT_BUNDLE_IDENTIFIER = "com.ETDataDrivenViewKit.ETDataDrivenViewKit-iOS-Tests";
				PRODUCT_NAME = "$(TARGET_NAME)";
				SWIFT_OPTIMIZATION_LEVEL = "-Onone";
				SWIFT_VERSION = 5.0;
			};
			name = Debug;
		};
		52D6D9951BEFF229002C0205 /* Release */ = {
			isa = XCBuildConfiguration;
			buildSettings = {
				CLANG_ENABLE_MODULES = YES;
				INFOPLIST_FILE = Configs/ETDataDrivenViewKitTests.plist;
				IPHONEOS_DEPLOYMENT_TARGET = 9.0;
				LD_RUNPATH_SEARCH_PATHS = (
					"$(inherited)",
					"@executable_path/Frameworks",
					"@loader_path/Frameworks",
				);
				PRODUCT_BUNDLE_IDENTIFIER = "com.ETDataDrivenViewKit.ETDataDrivenViewKit-iOS-Tests";
				PRODUCT_NAME = "$(TARGET_NAME)";
				SWIFT_COMPILATION_MODE = wholemodule;
				SWIFT_OPTIMIZATION_LEVEL = "-O";
				SWIFT_VERSION = 5.0;
			};
			name = Release;
		};
		71437E882073796200A8CC96 /* Debug */ = {
			isa = XCBuildConfiguration;
			buildSettings = {
				ALWAYS_EMBED_SWIFT_STANDARD_LIBRARIES = YES;
				ASSETCATALOG_COMPILER_APPICON_NAME = AppIcon;
				CLANG_ANALYZER_NONNULL = YES;
				CLANG_ANALYZER_NUMBER_OBJECT_CONVERSION = YES_AGGRESSIVE;
				CLANG_CXX_LANGUAGE_STANDARD = "gnu++14";
				CLANG_ENABLE_OBJC_WEAK = YES;
				CLANG_WARN_DEPRECATED_OBJC_IMPLEMENTATIONS = YES;
				CLANG_WARN_DOCUMENTATION_COMMENTS = YES;
				CLANG_WARN_OBJC_IMPLICIT_RETAIN_SELF = YES;
				CLANG_WARN_UNGUARDED_AVAILABILITY = YES_AGGRESSIVE;
				CODE_SIGN_IDENTITY = "iPhone Developer";
				CODE_SIGN_STYLE = Automatic;
				FRAMEWORK_SEARCH_PATHS = (
					"$(inherited)",
					"$(PROJECT_DIR)/Carthage/Build/iOS",
				);
				GCC_C_LANGUAGE_STANDARD = gnu11;
				INFOPLIST_FILE = example/Info.plist;
				IPHONEOS_DEPLOYMENT_TARGET = 9.0;
				LD_RUNPATH_SEARCH_PATHS = (
					"$(inherited)",
					"@executable_path/Frameworks",
				);
				PRODUCT_BUNDLE_IDENTIFIER = cz.etnetera.ETDataDrivenViewKit.example;
				PRODUCT_NAME = "$(TARGET_NAME)";
				SWIFT_ACTIVE_COMPILATION_CONDITIONS = DEBUG;
				SWIFT_VERSION = 4.2;
				TARGETED_DEVICE_FAMILY = "1,2";
			};
			name = Debug;
		};
		71437E892073796200A8CC96 /* Release */ = {
			isa = XCBuildConfiguration;
			buildSettings = {
				ALWAYS_EMBED_SWIFT_STANDARD_LIBRARIES = YES;
				ASSETCATALOG_COMPILER_APPICON_NAME = AppIcon;
				CLANG_ANALYZER_NONNULL = YES;
				CLANG_ANALYZER_NUMBER_OBJECT_CONVERSION = YES_AGGRESSIVE;
				CLANG_CXX_LANGUAGE_STANDARD = "gnu++14";
				CLANG_ENABLE_OBJC_WEAK = YES;
				CLANG_WARN_DEPRECATED_OBJC_IMPLEMENTATIONS = YES;
				CLANG_WARN_DOCUMENTATION_COMMENTS = YES;
				CLANG_WARN_OBJC_IMPLICIT_RETAIN_SELF = YES;
				CLANG_WARN_UNGUARDED_AVAILABILITY = YES_AGGRESSIVE;
				CODE_SIGN_IDENTITY = "iPhone Developer";
				CODE_SIGN_STYLE = Automatic;
				FRAMEWORK_SEARCH_PATHS = (
					"$(inherited)",
					"$(PROJECT_DIR)/Carthage/Build/iOS",
				);
				GCC_C_LANGUAGE_STANDARD = gnu11;
				INFOPLIST_FILE = example/Info.plist;
				IPHONEOS_DEPLOYMENT_TARGET = 9.0;
				LD_RUNPATH_SEARCH_PATHS = (
					"$(inherited)",
					"@executable_path/Frameworks",
				);
				PRODUCT_BUNDLE_IDENTIFIER = cz.etnetera.ETDataDrivenViewKit.example;
				PRODUCT_NAME = "$(TARGET_NAME)";
				SWIFT_COMPILATION_MODE = wholemodule;
				SWIFT_OPTIMIZATION_LEVEL = "-O";
				SWIFT_VERSION = 4.2;
				TARGETED_DEVICE_FAMILY = "1,2";
			};
			name = Release;
		};
/* End XCBuildConfiguration section */

/* Begin XCConfigurationList section */
		52D6D9761BEFF229002C0205 /* Build configuration list for PBXProject "ETDataDrivenViewKit" */ = {
			isa = XCConfigurationList;
			buildConfigurations = (
				52D6D98E1BEFF229002C0205 /* Debug */,
				52D6D98F1BEFF229002C0205 /* Release */,
			);
			defaultConfigurationIsVisible = 0;
			defaultConfigurationName = Release;
		};
		52D6D9901BEFF229002C0205 /* Build configuration list for PBXNativeTarget "ETDataDrivenViewKit-iOS" */ = {
			isa = XCConfigurationList;
			buildConfigurations = (
				52D6D9911BEFF229002C0205 /* Debug */,
				52D6D9921BEFF229002C0205 /* Release */,
			);
			defaultConfigurationIsVisible = 0;
			defaultConfigurationName = Release;
		};
		52D6D9931BEFF229002C0205 /* Build configuration list for PBXNativeTarget "ETDataDrivenViewKit-iOS Tests" */ = {
			isa = XCConfigurationList;
			buildConfigurations = (
				52D6D9941BEFF229002C0205 /* Debug */,
				52D6D9951BEFF229002C0205 /* Release */,
			);
			defaultConfigurationIsVisible = 0;
			defaultConfigurationName = Release;
		};
		71437E872073796200A8CC96 /* Build configuration list for PBXNativeTarget "example" */ = {
			isa = XCConfigurationList;
			buildConfigurations = (
				71437E882073796200A8CC96 /* Debug */,
				71437E892073796200A8CC96 /* Release */,
			);
			defaultConfigurationIsVisible = 0;
			defaultConfigurationName = Release;
		};
/* End XCConfigurationList section */
	};
	rootObject = 52D6D9731BEFF229002C0205 /* Project object */;
}
